# This file is automatically @generated by Cargo.
# It is not intended for manual editing.
version = 3

[[package]]
name = "mp3-metadata"
version = "0.3.4"
source = "registry+https://github.com/rust-lang/crates.io-index"
checksum = "e4eaa3a228dc218005d769b88ce3a0310f49152f2029125289e94c49474c9cc4"

[[package]]
name = "mp3_metadata_extractor"
version = "0.1.0"
dependencies = [
 "mp3-metadata",
]
